# THIS IS AN AUTOGENERATED FILE. DO NOT EDIT THIS FILE DIRECTLY.
# yarn lockfile v1


"coralian@git+https://gitee.com/undeadway/coralian#dev":
  version "0.0.31"
  resolved "git+https://gitee.com/undeadway/coralian#5bdba452accfffc4024750fd836821de194ba83c"
  dependencies:
    jsconst "git+https://gitee.com/undeadway/jsconst#dev"

jsconst@0.0.5, "jsconst@git+https://gitee.com/undeadway/jsconst#dev":
  version "0.0.5"
  resolved "git+https://gitee.com/undeadway/jsconst#c32237ec297cf97cab0d1798986ac989d9517dc0"

"modell-highlighter@git+https://gitee.com/undeadway/modell-highlighter#dev":
  version "0.1.0"
  resolved "git+https://gitee.com/undeadway/modell-highlighter#172cefd7a6a23b42028215204521274b9b88c101"
  dependencies:
    jsconst "0.0.5"
