# THIS IS AN AUTOGENERATED FILE. DO NOT EDIT THIS FILE DIRECTLY.
# yarn lockfile v1


jsconst@0.0.5, "jsconst@git+https://gitee.com/undeadway/jsconst#dev":
  version "0.0.5"
  resolved "git+https://gitee.com/undeadway/jsconst#1055e825fa27dac8e2b46c2014d8deb5b5b054bc"

"modell-highlighter@git+https://gitee.com/undeadway/modell-highlighter#dev":
  version "0.1.0"
  resolved "git+https://gitee.com/undeadway/modell-highlighter#172cefd7a6a23b42028215204521274b9b88c101"
  dependencies:
    jsconst "0.0.5"
